// !$*UTF8*$!
{
	archiveVersion = 1;
	classes = {
	};
	objectVersion = 56;
	objects = {

/* Begin PBXBuildFile section */
		4433A4F42A13339100BC6D5F /* CamCalculatorApp.swift in Sources */ = {isa = PBXBuildFile; fileRef = 4433A4F32A13339100BC6D5F /* CamCalculatorApp.swift */; };
		4433A4F62A13339100BC6D5F /* ContentView.swift in Sources */ = {isa = PBXBuildFile; fileRef = 4433A4F52A13339100BC6D5F /* ContentView.swift */; };
		4433A4F82A13339100BC6D5F /* Assets.xcassets in Resources */ = {isa = PBXBuildFile; fileRef = 4433A4F72A13339100BC6D5F /* Assets.xcassets */; };
		4433A4FB2A13339100BC6D5F /* Preview Assets.xcassets in Resources */ = {isa = PBXBuildFile; fileRef = 4433A4FA2A13339100BC6D5F /* Preview Assets.xcassets */; };
		4433A5032A13372200BC6D5F /* Realm in Frameworks */ = {isa = PBXBuildFile; productRef = 4433A5022A13372200BC6D5F /* Realm */; };
		4433A5052A13372200BC6D5F /* RealmSwift in Frameworks */ = {isa = PBXBuildFile; productRef = 4433A5042A13372200BC6D5F /* RealmSwift */; };
		4433A5082A1337CF00BC6D5F /* .gitignore in Resources */ = {isa = PBXBuildFile; fileRef = 4433A5072A1337CF00BC6D5F /* .gitignore */; };
		4433A50C2A13380F00BC6D5F /* ScanData.swift in Sources */ = {isa = PBXBuildFile; fileRef = 4433A50B2A13380F00BC6D5F /* ScanData.swift */; };
		4433A50F2A1338DF00BC6D5F /* ScanDataRepository.swift in Sources */ = {isa = PBXBuildFile; fileRef = 4433A50E2A1338DF00BC6D5F /* ScanDataRepository.swift */; };
		4433A5122A13392800BC6D5F /* SaveScanData.swift in Sources */ = {isa = PBXBuildFile; fileRef = 4433A5112A13392800BC6D5F /* SaveScanData.swift */; };
/* End PBXBuildFile section */

/* Begin PBXFileReference section */
		4433A4F02A13339100BC6D5F /* CamCalculator.app */ = {isa = PBXFileReference; explicitFileType = wrapper.application; includeInIndex = 0; path = CamCalculator.app; sourceTree = BUILT_PRODUCTS_DIR; };
		4433A4F32A13339100BC6D5F /* CamCalculatorApp.swift */ = {isa = PBXFileReference; lastKnownFileType = sourcecode.swift; path = CamCalculatorApp.swift; sourceTree = "<group>"; };
		4433A4F52A13339100BC6D5F /* ContentView.swift */ = {isa = PBXFileReference; lastKnownFileType = sourcecode.swift; path = ContentView.swift; sourceTree = "<group>"; };
		4433A4F72A13339100BC6D5F /* Assets.xcassets */ = {isa = PBXFileReference; lastKnownFileType = folder.assetcatalog; path = Assets.xcassets; sourceTree = "<group>"; };
		4433A4FA2A13339100BC6D5F /* Preview Assets.xcassets */ = {isa = PBXFileReference; lastKnownFileType = folder.assetcatalog; path = "Preview Assets.xcassets"; sourceTree = "<group>"; };
		4433A5072A1337CF00BC6D5F /* .gitignore */ = {isa = PBXFileReference; lastKnownFileType = text; path = .gitignore; sourceTree = "<group>"; };
		4433A50B2A13380F00BC6D5F /* ScanData.swift */ = {isa = PBXFileReference; lastKnownFileType = sourcecode.swift; path = ScanData.swift; sourceTree = "<group>"; };
		4433A50E2A1338DF00BC6D5F /* ScanDataRepository.swift */ = {isa = PBXFileReference; lastKnownFileType = sourcecode.swift; path = ScanDataRepository.swift; sourceTree = "<group>"; };
		4433A5112A13392800BC6D5F /* SaveScanData.swift */ = {isa = PBXFileReference; lastKnownFileType = sourcecode.swift; path = SaveScanData.swift; sourceTree = "<group>"; };
/* End PBXFileReference section */

/* Begin PBXFrameworksBuildPhase section */
		4433A4ED2A13339100BC6D5F /* Frameworks */ = {
			isa = PBXFrameworksBuildPhase;
			buildActionMask = 2147483647;
			files = (
				4433A5052A13372200BC6D5F /* RealmSwift in Frameworks */,
				4433A5032A13372200BC6D5F /* Realm in Frameworks */,
			);
			runOnlyForDeploymentPostprocessing = 0;
		};
/* End PBXFrameworksBuildPhase section */

/* Begin PBXGroup section */
		4433A4E72A13339100BC6D5F = {
			isa = PBXGroup;
			children = (
				4433A4F22A13339100BC6D5F /* CamCalculator */,
				4433A4F12A13339100BC6D5F /* Products */,
			);
			sourceTree = "<group>";
		};
		4433A4F12A13339100BC6D5F /* Products */ = {
			isa = PBXGroup;
			children = (
				4433A4F02A13339100BC6D5F /* CamCalculator.app */,
			);
			name = Products;
			sourceTree = "<group>";
		};
		4433A4F22A13339100BC6D5F /* CamCalculator */ = {
			isa = PBXGroup;
			children = (
				4433A5092A1337F000BC6D5F /* Domain */,
				4433A4F32A13339100BC6D5F /* CamCalculatorApp.swift */,
				4433A4F52A13339100BC6D5F /* ContentView.swift */,
				4433A4F72A13339100BC6D5F /* Assets.xcassets */,
				4433A4F92A13339100BC6D5F /* Preview Content */,
				4433A5072A1337CF00BC6D5F /* .gitignore */,
			);
			path = CamCalculator;
			sourceTree = "<group>";
		};
		4433A4F92A13339100BC6D5F /* Preview Content */ = {
			isa = PBXGroup;
			children = (
				4433A4FA2A13339100BC6D5F /* Preview Assets.xcassets */,
			);
			path = "Preview Content";
			sourceTree = "<group>";
		};
		4433A5092A1337F000BC6D5F /* Domain */ = {
			isa = PBXGroup;
			children = (
				4433A5102A13391200BC6D5F /* UseCase */,
				4433A50D2A1338CD00BC6D5F /* Repository */,
				4433A50A2A1337F900BC6D5F /* Entity */,
			);
			path = Domain;
			sourceTree = "<group>";
		};
		4433A50A2A1337F900BC6D5F /* Entity */ = {
			isa = PBXGroup;
			children = (
				4433A50B2A13380F00BC6D5F /* ScanData.swift */,
			);
			path = Entity;
			sourceTree = "<group>";
		};
		4433A50D2A1338CD00BC6D5F /* Repository */ = {
			isa = PBXGroup;
			children = (
				4433A50E2A1338DF00BC6D5F /* ScanDataRepository.swift */,
			);
			path = Repository;
			sourceTree = "<group>";
		};
		4433A5102A13391200BC6D5F /* UseCase */ = {
			isa = PBXGroup;
			children = (
				4433A5112A13392800BC6D5F /* SaveScanData.swift */,
			);
			path = UseCase;
			sourceTree = "<group>";
		};
/* End PBXGroup section */

/* Begin PBXNativeTarget section */
		4433A4EF2A13339100BC6D5F /* CamCalculator */ = {
			isa = PBXNativeTarget;
			buildConfigurationList = 4433A4FE2A13339100BC6D5F /* Build configuration list for PBXNativeTarget "CamCalculator" */;
			buildPhases = (
				4433A4EC2A13339100BC6D5F /* Sources */,
				4433A4ED2A13339100BC6D5F /* Frameworks */,
				4433A4EE2A13339100BC6D5F /* Resources */,
			);
			buildRules = (
			);
			dependencies = (
			);
			name = CamCalculator;
			packageProductDependencies = (
				4433A5022A13372200BC6D5F /* Realm */,
				4433A5042A13372200BC6D5F /* RealmSwift */,
			);
			productName = CamCalculator;
			productReference = 4433A4F02A13339100BC6D5F /* CamCalculator.app */;
			productType = "com.apple.product-type.application";
		};
/* End PBXNativeTarget section */

/* Begin PBXProject section */
		4433A4E82A13339100BC6D5F /* Project object */ = {
			isa = PBXProject;
			attributes = {
				BuildIndependentTargetsInParallel = 1;
				LastSwiftUpdateCheck = 1430;
				LastUpgradeCheck = 1430;
				TargetAttributes = {
					4433A4EF2A13339100BC6D5F = {
						CreatedOnToolsVersion = 14.3;
					};
				};
			};
			buildConfigurationList = 4433A4EB2A13339100BC6D5F /* Build configuration list for PBXProject "CamCalculator" */;
			compatibilityVersion = "Xcode 14.0";
			developmentRegion = en;
			hasScannedForEncodings = 0;
			knownRegions = (
				en,
				Base,
			);
			mainGroup = 4433A4E72A13339100BC6D5F;
			packageReferences = (
				4433A5012A13372200BC6D5F /* XCRemoteSwiftPackageReference "realm-swift" */,
			);
			productRefGroup = 4433A4F12A13339100BC6D5F /* Products */;
			projectDirPath = "";
			projectRoot = "";
			targets = (
				4433A4EF2A13339100BC6D5F /* CamCalculator */,
			);
		};
/* End PBXProject section */

/* Begin PBXResourcesBuildPhase section */
		4433A4EE2A13339100BC6D5F /* Resources */ = {
			isa = PBXResourcesBuildPhase;
			buildActionMask = 2147483647;
			files = (
				4433A4FB2A13339100BC6D5F /* Preview Assets.xcassets in Resources */,
				4433A5082A1337CF00BC6D5F /* .gitignore in Resources */,
				4433A4F82A13339100BC6D5F /* Assets.xcassets in Resources */,
			);
			runOnlyForDeploymentPostprocessing = 0;
		};
/* End PBXResourcesBuildPhase section */

/* Begin PBXSourcesBuildPhase section */
		4433A4EC2A13339100BC6D5F /* Sources */ = {
			isa = PBXSourcesBuildPhase;
			buildActionMask = 2147483647;
			files = (
				4433A4F62A13339100BC6D5F /* ContentView.swift in Sources */,
				4433A4F42A13339100BC6D5F /* CamCalculatorApp.swift in Sources */,
				4433A5122A13392800BC6D5F /* SaveScanData.swift in Sources */,
				4433A50F2A1338DF00BC6D5F /* ScanDataRepository.swift in Sources */,
				4433A50C2A13380F00BC6D5F /* ScanData.swift in Sources */,
			);
			runOnlyForDeploymentPostprocessing = 0;
		};
/* End PBXSourcesBuildPhase section */

/* Begin XCBuildConfiguration section */
		4433A4FC2A13339100BC6D5F /* Debug */ = {
			isa = XCBuildConfiguration;
			buildSettings = {
				ALWAYS_SEARCH_USER_PATHS = NO;
				CLANG_ANALYZER_NONNULL = YES;
				CLANG_ANALYZER_NUMBER_OBJECT_CONVERSION = YES_AGGRESSIVE;
				CLANG_CXX_LANGUAGE_STANDARD = "gnu++20";
				CLANG_ENABLE_MODULES = YES;
				CLANG_ENABLE_OBJC_ARC = YES;
				CLANG_ENABLE_OBJC_WEAK = YES;
				CLANG_WARN_BLOCK_CAPTURE_AUTORELEASING = YES;
				CLANG_WARN_BOOL_CONVERSION = YES;
				CLANG_WARN_COMMA = YES;
				CLANG_WARN_CONSTANT_CONVERSION = YES;
				CLANG_WARN_DEPRECATED_OBJC_IMPLEMENTATIONS = YES;
				CLANG_WARN_DIRECT_OBJC_ISA_USAGE = YES_ERROR;
				CLANG_WARN_DOCUMENTATION_COMMENTS = YES;
				CLANG_WARN_EMPTY_BODY = YES;
				CLANG_WARN_ENUM_CONVERSION = YES;
				CLANG_WARN_INFINITE_RECURSION = YES;
				CLANG_WARN_INT_CONVERSION = YES;
				CLANG_WARN_NON_LITERAL_NULL_CONVERSION = YES;
				CLANG_WARN_OBJC_IMPLICIT_RETAIN_SELF = YES;
				CLANG_WARN_OBJC_LITERAL_CONVERSION = YES;
				CLANG_WARN_OBJC_ROOT_CLASS = YES_ERROR;
				CLANG_WARN_QUOTED_INCLUDE_IN_FRAMEWORK_HEADER = YES;
				CLANG_WARN_RANGE_LOOP_ANALYSIS = YES;
				CLANG_WARN_STRICT_PROTOTYPES = YES;
				CLANG_WARN_SUSPICIOUS_MOVE = YES;
				CLANG_WARN_UNGUARDED_AVAILABILITY = YES_AGGRESSIVE;
				CLANG_WARN_UNREACHABLE_CODE = YES;
				CLANG_WARN__DUPLICATE_METHOD_MATCH = YES;
				COPY_PHASE_STRIP = NO;
				DEBUG_INFORMATION_FORMAT = dwarf;
				ENABLE_STRICT_OBJC_MSGSEND = YES;
				ENABLE_TESTABILITY = YES;
				GCC_C_LANGUAGE_STANDARD = gnu11;
				GCC_DYNAMIC_NO_PIC = NO;
				GCC_NO_COMMON_BLOCKS = YES;
				GCC_OPTIMIZATION_LEVEL = 0;
				GCC_PREPROCESSOR_DEFINITIONS = (
					"DEBUG=1",
					"$(inherited)",
				);
				GCC_WARN_64_TO_32_BIT_CONVERSION = YES;
				GCC_WARN_ABOUT_RETURN_TYPE = YES_ERROR;
				GCC_WARN_UNDECLARED_SELECTOR = YES;
				GCC_WARN_UNINITIALIZED_AUTOS = YES_AGGRESSIVE;
				GCC_WARN_UNUSED_FUNCTION = YES;
				GCC_WARN_UNUSED_VARIABLE = YES;
				IPHONEOS_DEPLOYMENT_TARGET = 16.4;
				MTL_ENABLE_DEBUG_INFO = INCLUDE_SOURCE;
				MTL_FAST_MATH = YES;
				ONLY_ACTIVE_ARCH = YES;
				SDKROOT = iphoneos;
				SWIFT_ACTIVE_COMPILATION_CONDITIONS = DEBUG;
				SWIFT_OPTIMIZATION_LEVEL = "-Onone";
			};
			name = Debug;
		};
		4433A4FD2A13339100BC6D5F /* Release */ = {
			isa = XCBuildConfiguration;
			buildSettings = {
				ALWAYS_SEARCH_USER_PATHS = NO;
				CLANG_ANALYZER_NONNULL = YES;
				CLANG_ANALYZER_NUMBER_OBJECT_CONVERSION = YES_AGGRESSIVE;
				CLANG_CXX_LANGUAGE_STANDARD = "gnu++20";
				CLANG_ENABLE_MODULES = YES;
				CLANG_ENABLE_OBJC_ARC = YES;
				CLANG_ENABLE_OBJC_WEAK = YES;
				CLANG_WARN_BLOCK_CAPTURE_AUTORELEASING = YES;
				CLANG_WARN_BOOL_CONVERSION = YES;
				CLANG_WARN_COMMA = YES;
				CLANG_WARN_CONSTANT_CONVERSION = YES;
				CLANG_WARN_DEPRECATED_OBJC_IMPLEMENTATIONS = YES;
				CLANG_WARN_DIRECT_OBJC_ISA_USAGE = YES_ERROR;
				CLANG_WARN_DOCUMENTATION_COMMENTS = YES;
				CLANG_WARN_EMPTY_BODY = YES;
				CLANG_WARN_ENUM_CONVERSION = YES;
				CLANG_WARN_INFINITE_RECURSION = YES;
				CLANG_WARN_INT_CONVERSION = YES;
				CLANG_WARN_NON_LITERAL_NULL_CONVERSION = YES;
				CLANG_WARN_OBJC_IMPLICIT_RETAIN_SELF = YES;
				CLANG_WARN_OBJC_LITERAL_CONVERSION = YES;
				CLANG_WARN_OBJC_ROOT_CLASS = YES_ERROR;
				CLANG_WARN_QUOTED_INCLUDE_IN_FRAMEWORK_HEADER = YES;
				CLANG_WARN_RANGE_LOOP_ANALYSIS = YES;
				CLANG_WARN_STRICT_PROTOTYPES = YES;
				CLANG_WARN_SUSPICIOUS_MOVE = YES;
				CLANG_WARN_UNGUARDED_AVAILABILITY = YES_AGGRESSIVE;
				CLANG_WARN_UNREACHABLE_CODE = YES;
				CLANG_WARN__DUPLICATE_METHOD_MATCH = YES;
				COPY_PHASE_STRIP = NO;
				DEBUG_INFORMATION_FORMAT = "dwarf-with-dsym";
				ENABLE_NS_ASSERTIONS = NO;
				ENABLE_STRICT_OBJC_MSGSEND = YES;
				GCC_C_LANGUAGE_STANDARD = gnu11;
				GCC_NO_COMMON_BLOCKS = YES;
				GCC_WARN_64_TO_32_BIT_CONVERSION = YES;
				GCC_WARN_ABOUT_RETURN_TYPE = YES_ERROR;
				GCC_WARN_UNDECLARED_SELECTOR = YES;
				GCC_WARN_UNINITIALIZED_AUTOS = YES_AGGRESSIVE;
				GCC_WARN_UNUSED_FUNCTION = YES;
				GCC_WARN_UNUSED_VARIABLE = YES;
				IPHONEOS_DEPLOYMENT_TARGET = 16.4;
				MTL_ENABLE_DEBUG_INFO = NO;
				MTL_FAST_MATH = YES;
				SDKROOT = iphoneos;
				SWIFT_COMPILATION_MODE = wholemodule;
				SWIFT_OPTIMIZATION_LEVEL = "-O";
				VALIDATE_PRODUCT = YES;
			};
			name = Release;
		};
		4433A4FF2A13339100BC6D5F /* Debug */ = {
			isa = XCBuildConfiguration;
			buildSettings = {
				ASSETCATALOG_COMPILER_APPICON_NAME = AppIcon;
				ASSETCATALOG_COMPILER_GLOBAL_ACCENT_COLOR_NAME = AccentColor;
				CODE_SIGN_STYLE = Automatic;
				CURRENT_PROJECT_VERSION = 1;
				DEVELOPMENT_ASSET_PATHS = "\"CamCalculator/Preview Content\"";
				DEVELOPMENT_TEAM = GSJL8ACDV5;
				ENABLE_PREVIEWS = YES;
				GENERATE_INFOPLIST_FILE = YES;
				INFOPLIST_KEY_UIApplicationSceneManifest_Generation = YES;
				INFOPLIST_KEY_UIApplicationSupportsIndirectInputEvents = YES;
				INFOPLIST_KEY_UILaunchScreen_Generation = YES;
				INFOPLIST_KEY_UISupportedInterfaceOrientations_iPad = "UIInterfaceOrientationPortrait UIInterfaceOrientationPortraitUpsideDown UIInterfaceOrientationLandscapeLeft UIInterfaceOrientationLandscapeRight";
				INFOPLIST_KEY_UISupportedInterfaceOrientations_iPhone = "UIInterfaceOrientationPortrait UIInterfaceOrientationLandscapeLeft UIInterfaceOrientationLandscapeRight";
				LD_RUNPATH_SEARCH_PATHS = (
					"$(inherited)",
					"@executable_path/Frameworks",
				);
				MARKETING_VERSION = 1.0;
				PRODUCT_BUNDLE_IDENTIFIER = com.pras.CamCalculator;
				PRODUCT_NAME = "$(TARGET_NAME)";
				SWIFT_EMIT_LOC_STRINGS = YES;
				SWIFT_VERSION = 5.0;
				TARGETED_DEVICE_FAMILY = "1,2";
			};
			name = Debug;
		};
		4433A5002A13339100BC6D5F /* Release */ = {
			isa = XCBuildConfiguration;
			buildSettings = {
				ASSETCATALOG_COMPILER_APPICON_NAME = AppIcon;
				ASSETCATALOG_COMPILER_GLOBAL_ACCENT_COLOR_NAME = AccentColor;
				CODE_SIGN_STYLE = Automatic;
				CURRENT_PROJECT_VERSION = 1;
				DEVELOPMENT_ASSET_PATHS = "\"CamCalculator/Preview Content\"";
				DEVELOPMENT_TEAM = GSJL8ACDV5;
				ENABLE_PREVIEWS = YES;
				GENERATE_INFOPLIST_FILE = YES;
				INFOPLIST_KEY_UIApplicationSceneManifest_Generation = YES;
				INFOPLIST_KEY_UIApplicationSupportsIndirectInputEvents = YES;
				INFOPLIST_KEY_UILaunchScreen_Generation = YES;
				INFOPLIST_KEY_UISupportedInterfaceOrientations_iPad = "UIInterfaceOrientationPortrait UIInterfaceOrientationPortraitUpsideDown UIInterfaceOrientationLandscapeLeft UIInterfaceOrientationLandscapeRight";
				INFOPLIST_KEY_UISupportedInterfaceOrientations_iPhone = "UIInterfaceOrientationPortrait UIInterfaceOrientationLandscapeLeft UIInterfaceOrientationLandscapeRight";
				LD_RUNPATH_SEARCH_PATHS = (
					"$(inherited)",
					"@executable_path/Frameworks",
				);
				MARKETING_VERSION = 1.0;
				PRODUCT_BUNDLE_IDENTIFIER = com.pras.CamCalculator;
				PRODUCT_NAME = "$(TARGET_NAME)";
				SWIFT_EMIT_LOC_STRINGS = YES;
				SWIFT_VERSION = 5.0;
				TARGETED_DEVICE_FAMILY = "1,2";
			};
			name = Release;
		};
/* End XCBuildConfiguration section */

/* Begin XCConfigurationList section */
		4433A4EB2A13339100BC6D5F /* Build configuration list for PBXProject "CamCalculator" */ = {
			isa = XCConfigurationList;
			buildConfigurations = (
				4433A4FC2A13339100BC6D5F /* Debug */,
				4433A4FD2A13339100BC6D5F /* Release */,
			);
			defaultConfigurationIsVisible = 0;
			defaultConfigurationName = Release;
		};
		4433A4FE2A13339100BC6D5F /* Build configuration list for PBXNativeTarget "CamCalculator" */ = {
			isa = XCConfigurationList;
			buildConfigurations = (
				4433A4FF2A13339100BC6D5F /* Debug */,
				4433A5002A13339100BC6D5F /* Release */,
			);
			defaultConfigurationIsVisible = 0;
			defaultConfigurationName = Release;
		};
/* End XCConfigurationList section */

/* Begin XCRemoteSwiftPackageReference section */
		4433A5012A13372200BC6D5F /* XCRemoteSwiftPackageReference "realm-swift" */ = {
			isa = XCRemoteSwiftPackageReference;
			repositoryURL = "https://github.com/realm/realm-swift.git";
			requirement = {
				branch = master;
				kind = branch;
			};
		};
/* End XCRemoteSwiftPackageReference section */

/* Begin XCSwiftPackageProductDependency section */
		4433A5022A13372200BC6D5F /* Realm */ = {
			isa = XCSwiftPackageProductDependency;
			package = 4433A5012A13372200BC6D5F /* XCRemoteSwiftPackageReference "realm-swift" */;
			productName = Realm;
		};
		4433A5042A13372200BC6D5F /* RealmSwift */ = {
			isa = XCSwiftPackageProductDependency;
			package = 4433A5012A13372200BC6D5F /* XCRemoteSwiftPackageReference "realm-swift" */;
			productName = RealmSwift;
		};
/* End XCSwiftPackageProductDependency section */
	};
	rootObject = 4433A4E82A13339100BC6D5F /* Project object */;
}
